
Microsoft Visual Studio Solution File, Format Version 11.00
# Visual Studio 2010
Project("{FAE04EC0-301F-11D3-BF4B-00C04F79EFBC}") = "SilverlightWP", "SilverlightWP\SilverlightWP.csproj", "{DD82A46A-A337-4DD5-B6AC-D4C418DF7096}"
EndProject
Project("{FAE04EC0-301F-11D3-BF4B-00C04F79EFBC}") = "PhoneApp1", "PhoneApp1\PhoneApp1.csproj", "{DDDBD977-1C4C-429F-BA07-41826B8FCC40}"
EndProject
Global
	GlobalSection(SolutionConfigurationPlatforms) = preSolution
		Debug|Any CPU = Debug|Any CPU
		Release|Any CPU = Release|Any CPU
	EndGlobalSection
	GlobalSection(ProjectConfigurationPlatforms) = postSolution
		{DD82A46A-A337-4DD5-B6AC-D4C418DF7096}.Debug|Any CPU.ActiveCfg = Debug|Any CPU
		{DD82A46A-A337-4DD5-B6AC-D4C418DF7096}.Debug|Any CPU.Build.0 = Debug|Any CPU
		{DD82A46A-A337-4DD5-B6AC-D4C418DF7096}.Debug|Any CPU.Deploy.0 = Debug|Any CPU
		{DD82A46A-A337-4DD5-B6AC-D4C418DF7096}.Release|Any CPU.ActiveCfg = Release|Any CPU
		{DD82A46A-A337-4DD5-B6AC-D4C418DF7096}.Release|Any CPU.Build.0 = Release|Any CPU
		{DD82A46A-A337-4DD5-B6AC-D4C418DF7096}.Release|Any CPU.Deploy.0 = Release|Any CPU
		{DDDBD977-1C4C-429F-BA07-41826B8FCC40}.Debug|Any CPU.ActiveCfg = Debug|Any CPU
		{DDDBD977-1C4C-429F-BA07-41826B8FCC40}.Debug|Any CPU.Build.0 = Debug|Any CPU
		{DDDBD977-1C4C-429F-BA07-41826B8FCC40}.Debug|Any CPU.Deploy.0 = Debug|Any CPU
		{DDDBD977-1C4C-429F-BA07-41826B8FCC40}.Release|Any CPU.ActiveCfg = Release|Any CPU
		{DDDBD977-1C4C-429F-BA07-41826B8FCC40}.Release|Any CPU.Build.0 = Release|Any CPU
		{DDDBD977-1C4C-429F-BA07-41826B8FCC40}.Release|Any CPU.Deploy.0 = Release|Any CPU
	EndGlobalSection
	GlobalSection(SolutionProperties) = preSolution
		HideSolutionNode = FALSE
	EndGlobalSection
EndGlobal
